
Microsoft Visual Studio Solution File, Format Version 12.00
# Visual Studio 15
VisualStudioVersion = 15.0.27004.2005
MinimumVisualStudioVersion = 10.0.40219.1
Project("{FAE04EC0-301F-11D3-BF4B-00C04F79EFBC}") = "Arca de noe", "Arca de noe\Arca de noe.csproj", "{45F053A7-31DC-44E5-96E1-DDA890008C9A}"
EndProject
Global
	GlobalSection(SolutionConfigurationPlatforms) = preSolution
		Debug|Any CPU = Debug|Any CPU
		Debug|x86 = Debug|x86
		Release|Any CPU = Release|Any CPU
		Release|x86 = Release|x86
	EndGlobalSection
	GlobalSection(ProjectConfigurationPlatforms) = postSolution
		{45F053A7-31DC-44E5-96E1-DDA890008C9A}.Debug|Any CPU.ActiveCfg = Debug|Any CPU
		{45F053A7-31DC-44E5-96E1-DDA890008C9A}.Debug|Any CPU.Build.0 = Debug|Any CPU
		{45F053A7-31DC-44E5-96E1-DDA890008C9A}.Debug|x86.ActiveCfg = Debug|Any CPU
		{45F053A7-31DC-44E5-96E1-DDA890008C9A}.Debug|x86.Build.0 = Debug|Any CPU
		{45F053A7-31DC-44E5-96E1-DDA890008C9A}.Release|Any CPU.ActiveCfg = Release|Any CPU
		{45F053A7-31DC-44E5-96E1-DDA890008C9A}.Release|Any CPU.Build.0 = Release|Any CPU
		{45F053A7-31DC-44E5-96E1-DDA890008C9A}.Release|x86.ActiveCfg = Release|Any CPU
		{45F053A7-31DC-44E5-96E1-DDA890008C9A}.Release|x86.Build.0 = Release|Any CPU
	EndGlobalSection
	GlobalSection(SolutionProperties) = preSolution
		HideSolutionNode = FALSE
	EndGlobalSection
	GlobalSection(ExtensibilityGlobals) = postSolution
		SolutionGuid = {0BB0C98E-01B8-4115-9F27-1405F09F6767}
	EndGlobalSection
EndGlobal
